{
  "name": "chia-simulator-ui",
  "lockfileVersion": 3,
  "requires": true,
  "packages": {
    "": {
      "dependencies": {
        "chia-wallet-sdk": "^0.24.0",
        "chia-wallet-sdk-wasm": "^0.24.0"
      }
    },
    "node_modules/chia-wallet-sdk": {
      "version": "0.24.0",
      "resolved": "https://registry.npmjs.org/chia-wallet-sdk/-/chia-wallet-sdk-0.24.0.tgz",
      "integrity": "sha512-/exVrOm3jZWs6R6upvEJXcmxHVHYYU0bmiro2SEwUKFdjSvYoVG+7f0oaR0SivH9EV0O2I6MdjTYJM9tPoUc/A==",
      "license": "MIT",
      "engines": {
        "node": ">= 14"
      },
      "optionalDependencies": {
        "chia-wallet-sdk-darwin-arm64": "0.24.0",
        "chia-wallet-sdk-darwin-universal": "0.24.0",
        "chia-wallet-sdk-darwin-x64": "0.24.0",
        "chia-wallet-sdk-linux-arm64-gnu": "0.24.0",
        "chia-wallet-sdk-linux-x64-gnu": "0.24.0",
        "chia-wallet-sdk-win32-x64-msvc": "0.24.0"
      }
    },
    "node_modules/chia-wallet-sdk-darwin-arm64": {
      "version": "0.24.0",
      "resolved": "https://registry.npmjs.org/chia-wallet-sdk-darwin-arm64/-/chia-wallet-sdk-darwin-arm64-0.24.0.tgz",
      "integrity": "sha512-03nz2Aapc7etf46Vviw5kbqxbDPXXmDmO/zHwvq2aT07IUVU5epC3Hb1lb9hPJh9reZzeSmQclXGb/HYTqR1sA==",
      "cpu": [
        "arm64"
      ],
      "license": "MIT",
      "optional": true,
      "os": [
        "darwin"
      ],
      "engines": {
        "node": ">= 10"
      }
    },
    "node_modules/chia-wallet-sdk-darwin-universal": {
      "version": "0.24.0",
      "resolved": "https://registry.npmjs.org/chia-wallet-sdk-darwin-universal/-/chia-wallet-sdk-darwin-universal-0.24.0.tgz",
      "integrity": "sha512-xkPK9NsSquHuszMvmTVrakUCElwx1dHVjcG1P/V61bUczQljDjQVLEuACF2rr0dGTmzqNdxj+TVYhlQN7NtYNg==",
      "license": "MIT",
      "optional": true,
      "os": [
        "darwin"
      ],
      "engines": {
        "node": ">= 10"
      }
    },
    "node_modules/chia-wallet-sdk-darwin-x64": {
      "version": "0.24.0",
      "resolved": "https://registry.npmjs.org/chia-wallet-sdk-darwin-x64/-/chia-wallet-sdk-darwin-x64-0.24.0.tgz",
      "integrity": "sha512-eojOgmD/UUpomobohTBdZ/PXvpje81BgqHrEn6N2ewolb8CtzaBOBRSJVxFYI7zpCUH4aNIpyfGavR4i5As+mQ==",
      "cpu": [
        "x64"
      ],
      "license": "MIT",
      "optional": true,
      "os": [
        "darwin"
      ],
      "engines": {
        "node": ">= 10"
      }
    },
    "node_modules/chia-wallet-sdk-linux-arm64-gnu": {
      "version": "0.24.0",
      "resolved": "https://registry.npmjs.org/chia-wallet-sdk-linux-arm64-gnu/-/chia-wallet-sdk-linux-arm64-gnu-0.24.0.tgz",
      "integrity": "sha512-bEjSraMwhVo7x6M31nuw1oIEY9RV4PdFxbbhXKS4JIyw14/Ze5Ega1erODSGVfQd9osEAvqVUMYoPkld6c2lnQ==",
      "cpu": [
        "arm64"
      ],
      "license": "MIT",
      "optional": true,
      "os": [
        "linux"
      ],
      "engines": {
        "node": ">= 10"
      }
    },
    "node_modules/chia-wallet-sdk-linux-x64-gnu": {
      "version": "0.24.0",
      "resolved": "https://registry.npmjs.org/chia-wallet-sdk-linux-x64-gnu/-/chia-wallet-sdk-linux-x64-gnu-0.24.0.tgz",
      "integrity": "sha512-0Q9uYNOhkA6AihtufXX3yYbFeXl/ViSSvAlAZaU38v76x5W/oslwudtBv02ZFaD/PNV2tAZDeXvAEL7S5kxiQQ==",
      "cpu": [
        "x64"
      ],
      "license": "MIT",
      "optional": true,
      "os": [
        "linux"
      ],
      "engines": {
        "node": ">= 10"
      }
    },
    "node_modules/chia-wallet-sdk-wasm": {
      "version": "0.24.0",
      "resolved": "https://registry.npmjs.org/chia-wallet-sdk-wasm/-/chia-wallet-sdk-wasm-0.24.0.tgz",
      "integrity": "sha512-90UGhR2ElibTgIHo9qgieiSuJRzAzYhprKn+WHanOWghKUSo54X1M5d2wISVGSlLSO02LO8ybFYoulc/qN8BRg==",
      "license": "Apache-2.0"
    },
    "node_modules/chia-wallet-sdk-win32-x64-msvc": {
      "version": "0.24.0",
      "resolved": "https://registry.npmjs.org/chia-wallet-sdk-win32-x64-msvc/-/chia-wallet-sdk-win32-x64-msvc-0.24.0.tgz",
      "integrity": "sha512-CNTfWnXg6BcG07DvZxywpZgpLmr6hGXuViGhVPrujzEYFVfppazV5/l+WFA8zrMVoSUgn+gN5GvTvt4I3tq/NA==",
      "cpu": [
        "x64"
      ],
      "license": "MIT",
      "optional": true,
      "os": [
        "win32"
      ],
      "engines": {
        "node": ">= 10"
      }
    }
  }
}
